
Microsoft Visual Studio Solution File, Format Version 12.00
# Visual Studio Version 17
VisualStudioVersion = 17.8.34322.80
MinimumVisualStudioVersion = 10.0.40219.1
Project("{FAE04EC0-301F-11D3-BF4B-00C04F79EFBC}") = "OnlineProductShop.Server", "OnlineProductShop\Server\OnlineProductShop.Server.csproj", "{D1F69314-D13D-4F13-8322-B838CBA40442}"
EndProject
Project("{FAE04EC0-301F-11D3-BF4B-00C04F79EFBC}") = "OnlineProductShop.Client", "OnlineProductShop\Client\OnlineProductShop.Client.csproj", "{D3E8BE4A-777F-4D2D-A143-4DE6E789E10F}"
EndProject
Project("{FAE04EC0-301F-11D3-BF4B-00C04F79EFBC}") = "OnlineProductShop.Shared", "OnlineProductShop\Shared\OnlineProductShop.Shared.csproj", "{CBA9DF1E-2D27-4BC5-B11E-2CC2298278C3}"
EndProject
Global
	GlobalSection(SolutionConfigurationPlatforms) = preSolution
		Debug|Any CPU = Debug|Any CPU
		Release|Any CPU = Release|Any CPU
	EndGlobalSection
	GlobalSection(ProjectConfigurationPlatforms) = postSolution
		{D1F69314-D13D-4F13-8322-B838CBA40442}.Debug|Any CPU.ActiveCfg = Debug|Any CPU
		{D1F69314-D13D-4F13-8322-B838CBA40442}.Debug|Any CPU.Build.0 = Debug|Any CPU
		{D1F69314-D13D-4F13-8322-B838CBA40442}.Release|Any CPU.ActiveCfg = Release|Any CPU
		{D1F69314-D13D-4F13-8322-B838CBA40442}.Release|Any CPU.Build.0 = Release|Any CPU
		{D3E8BE4A-777F-4D2D-A143-4DE6E789E10F}.Debug|Any CPU.ActiveCfg = Debug|Any CPU
		{D3E8BE4A-777F-4D2D-A143-4DE6E789E10F}.Debug|Any CPU.Build.0 = Debug|Any CPU
		{D3E8BE4A-777F-4D2D-A143-4DE6E789E10F}.Release|Any CPU.ActiveCfg = Release|Any CPU
		{D3E8BE4A-777F-4D2D-A143-4DE6E789E10F}.Release|Any CPU.Build.0 = Release|Any CPU
		{CBA9DF1E-2D27-4BC5-B11E-2CC2298278C3}.Debug|Any CPU.ActiveCfg = Debug|Any CPU
		{CBA9DF1E-2D27-4BC5-B11E-2CC2298278C3}.Debug|Any CPU.Build.0 = Debug|Any CPU
		{CBA9DF1E-2D27-4BC5-B11E-2CC2298278C3}.Release|Any CPU.ActiveCfg = Release|Any CPU
		{CBA9DF1E-2D27-4BC5-B11E-2CC2298278C3}.Release|Any CPU.Build.0 = Release|Any CPU
	EndGlobalSection
	GlobalSection(SolutionProperties) = preSolution
		HideSolutionNode = FALSE
	EndGlobalSection
	GlobalSection(ExtensibilityGlobals) = postSolution
		SolutionGuid = {48B1F4AB-B1B1-497B-AB37-C9830C583B83}
	EndGlobalSection
EndGlobal
