
Microsoft Visual Studio Solution File, Format Version 12.00
# Visual Studio Version 17
VisualStudioVersion = 17.8.34322.80
MinimumVisualStudioVersion = 10.0.40219.1
Project("{9A19103F-16F7-4668-BE54-9A1E7A4F7556}") = "OnlineProductStore.Server", "OnlineProductStore\Server\OnlineProductStore.Server.csproj", "{F74876F6-CB35-4712-B8DE-FB38F6C0E097}"
EndProject
Project("{9A19103F-16F7-4668-BE54-9A1E7A4F7556}") = "OnlineProductStore.Client", "OnlineProductStore\Client\OnlineProductStore.Client.csproj", "{3B131576-0D62-48E2-BDEE-EAC8860E6A0A}"
EndProject
Project("{9A19103F-16F7-4668-BE54-9A1E7A4F7556}") = "OnlineProductStore.Shared", "OnlineProductStore\Shared\OnlineProductStore.Shared.csproj", "{7EAF5C7E-6FAD-4FB0-990A-9C73CB4B0975}"
EndProject
Global
	GlobalSection(SolutionConfigurationPlatforms) = preSolution
		Debug|Any CPU = Debug|Any CPU
		Release|Any CPU = Release|Any CPU
	EndGlobalSection
	GlobalSection(ProjectConfigurationPlatforms) = postSolution
		{F74876F6-CB35-4712-B8DE-FB38F6C0E097}.Debug|Any CPU.ActiveCfg = Debug|Any CPU
		{F74876F6-CB35-4712-B8DE-FB38F6C0E097}.Debug|Any CPU.Build.0 = Debug|Any CPU
		{F74876F6-CB35-4712-B8DE-FB38F6C0E097}.Release|Any CPU.ActiveCfg = Release|Any CPU
		{F74876F6-CB35-4712-B8DE-FB38F6C0E097}.Release|Any CPU.Build.0 = Release|Any CPU
		{3B131576-0D62-48E2-BDEE-EAC8860E6A0A}.Debug|Any CPU.ActiveCfg = Debug|Any CPU
		{3B131576-0D62-48E2-BDEE-EAC8860E6A0A}.Debug|Any CPU.Build.0 = Debug|Any CPU
		{3B131576-0D62-48E2-BDEE-EAC8860E6A0A}.Release|Any CPU.ActiveCfg = Release|Any CPU
		{3B131576-0D62-48E2-BDEE-EAC8860E6A0A}.Release|Any CPU.Build.0 = Release|Any CPU
		{7EAF5C7E-6FAD-4FB0-990A-9C73CB4B0975}.Debug|Any CPU.ActiveCfg = Debug|Any CPU
		{7EAF5C7E-6FAD-4FB0-990A-9C73CB4B0975}.Debug|Any CPU.Build.0 = Debug|Any CPU
		{7EAF5C7E-6FAD-4FB0-990A-9C73CB4B0975}.Release|Any CPU.ActiveCfg = Release|Any CPU
		{7EAF5C7E-6FAD-4FB0-990A-9C73CB4B0975}.Release|Any CPU.Build.0 = Release|Any CPU
	EndGlobalSection
	GlobalSection(SolutionProperties) = preSolution
		HideSolutionNode = FALSE
	EndGlobalSection
	GlobalSection(ExtensibilityGlobals) = postSolution
		SolutionGuid = {B8A2577C-CF08-4ADC-B47A-64E89234E030}
	EndGlobalSection
EndGlobal
